
Microsoft Visual Studio Solution File, Format Version 12.00
# Visual Studio Version 17
VisualStudioVersion = 17.4.33205.214
MinimumVisualStudioVersion = 10.0.40219.1
Project("{888888A0-9F3D-457C-B088-3A5042F75D52}") = "lora-2", "lora-2.pyproj", "{5780C379-E31A-47FA-B1DA-E3D5962B997F}"
EndProject
Global
	GlobalSection(SolutionConfigurationPlatforms) = preSolution
		Debug|Any CPU = Debug|Any CPU
		Release|Any CPU = Release|Any CPU
	EndGlobalSection
	GlobalSection(ProjectConfigurationPlatforms) = postSolution
		{5780C379-E31A-47FA-B1DA-E3D5962B997F}.Debug|Any CPU.ActiveCfg = Debug|Any CPU
		{5780C379-E31A-47FA-B1DA-E3D5962B997F}.Release|Any CPU.ActiveCfg = Release|Any CPU
	EndGlobalSection
	GlobalSection(SolutionProperties) = preSolution
		HideSolutionNode = FALSE
	EndGlobalSection
	GlobalSection(ExtensibilityGlobals) = postSolution
		SolutionGuid = {C614C1DF-8BD6-411D-9C4C-CD438B549245}
	EndGlobalSection
EndGlobal
