
Microsoft Visual Studio Solution File, Format Version 12.00
# Visual Studio Version 17
VisualStudioVersion = 17.4.33205.214
MinimumVisualStudioVersion = 10.0.40219.1
Project("{888888A0-9F3D-457C-B088-3A5042F75D52}") = "curiosity_cansat_accelerometre", "curiosity_cansat_accelerometre.pyproj", "{2CF3480C-699F-4447-AA27-49710F379525}"
EndProject
Global
	GlobalSection(SolutionConfigurationPlatforms) = preSolution
		Debug|Any CPU = Debug|Any CPU
		Release|Any CPU = Release|Any CPU
	EndGlobalSection
	GlobalSection(ProjectConfigurationPlatforms) = postSolution
		{2CF3480C-699F-4447-AA27-49710F379525}.Debug|Any CPU.ActiveCfg = Debug|Any CPU
		{2CF3480C-699F-4447-AA27-49710F379525}.Release|Any CPU.ActiveCfg = Release|Any CPU
	EndGlobalSection
	GlobalSection(SolutionProperties) = preSolution
		HideSolutionNode = FALSE
	EndGlobalSection
	GlobalSection(ExtensibilityGlobals) = postSolution
		SolutionGuid = {59B092B9-7E23-4379-B8B6-E20FAADDC7C0}
	EndGlobalSection
EndGlobal
